# This file is autogenerated, do not edit; changes may be undone by the next 'dep ensure'.


[[projects]]
  digest = "1:352fc094dbd1438593b64251de6788bffdf30f9925cf763c7f62e1fd27142b76"
  name = "github.com/PuerkitoBio/purell"
  packages = ["."]
  pruneopts = "T"
  revision = "0bcb03f4b4d0a9428594752bd2a3b9aa0a9d4bd4"
  version = "v1.1.0"

[[projects]]
  branch = "master"
  digest = "1:c739832d67eb1e9cc478a19cc1a1ccd78df0397bf8a32978b759152e205f644b"
  name = "github.com/PuerkitoBio/urlesc"
  packages = ["."]
  pruneopts = "T"
  revision = "de5bf2ad457846296e2031421a34e2568e304e35"

[[projects]]
  digest = "1:9f42202ac457c462ad8bb9642806d275af9ab4850cf0b1960b9c6f083d4a309a"
  name = "github.com/davecgh/go-spew"
  packages = ["spew"]
  pruneopts = "T"
  revision = "8991bc29aa16c548c550c7ff78260e27b9ab7c73"
  version = "v1.1.1"

[[projects]]
  branch = "master"
  digest = "1:6164306ba6c6f5f4ab74db7a374c198e0ed0bc1cc04736a49ca7b8f91523116d"
  name = "github.com/docker/distribution"
  packages = [
    "digestset",
    "reference",
  ]
  pruneopts = "T"
  revision = "16128bbac47f75050e82f7e91b04df33775e0c23"

[[projects]]
  digest = "1:0ffd93121f3971aea43f6a26b3eaaa64c8af20fb0ff0731087d8dab7164af5a8"
  name = "github.com/emicklei/go-restful"
  packages = [
    ".",
    "log",
  ]
  pruneopts = "T"
  revision = "3eb9738c1697594ea6e71a7156a9bb32ed216cf0"
  version = "v2.8.0"

[[projects]]
  digest = "1:2cd7915ab26ede7d95b8749e6b1f933f1c6d5398030684e6505940a10f31cfda"
  name = "github.com/ghodss/yaml"
  packages = ["."]
  pruneopts = "T"
  revision = "0ca9ea5df5451ffdf184b4428c902747c2c11cd7"
  version = "v1.0.0"

[[projects]]
  digest = "1:edb4ff5d89ba495413c056056342387da90787cdbb793dd8c8680a8c55a5daf2"
  name = "github.com/go-openapi/jsonpointer"
  packages = ["."]
  pruneopts = "T"
  revision = "3a0015ad55fa9873f41605d3e8f28cd279c32ab2"
  version = "0.16.0"

[[projects]]
  digest = "1:0bd8659f287cdfc954f1c14ee547f87b427fc1836663a5d7f4e6415fdddb8d33"
  name = "github.com/go-openapi/jsonreference"
  packages = ["."]
  pruneopts = "T"
  revision = "3fb327e6747da3043567ee86abd02bb6376b6be2"
  version = "0.16.0"

[[projects]]
  digest = "1:bb6edad14f7685d0f1109144869f28cc52dca9cdeee00c767d51f6fcf3831f8f"
  name = "github.com/go-openapi/spec"
  packages = ["."]
  pruneopts = "T"
  revision = "384415f06ee238aae1df5caad877de6ceac3a5c4"
  version = "0.16.0"

[[projects]]
  digest = "1:d50b418527f0f5efebe5fe6ee80e228f31412fd647fcaa64e55039b2b67bab27"
  name = "github.com/go-openapi/swag"
  packages = ["."]
  pruneopts = "T"
  revision = "becd2f08beafcca035645a8a101e0e3e18140458"
  version = "0.16.0"

[[projects]]
  digest = "1:da39f4a22829ca95e63566208e0ea42d6f055f41dff1b14fdab88d88f62df653"
  name = "github.com/gogo/protobuf"
  packages = [
    "proto",
    "sortkeys",
  ]
  pruneopts = "T"
  revision = "636bf0302bc95575d69441b25a2603156ffdddf1"
  version = "v1.1.1"

[[projects]]
  branch = "master"
  digest = "1:1ba1d79f2810270045c328ae5d674321db34e3aae468eb4233883b473c5c0467"
  name = "github.com/golang/glog"
  packages = ["."]
  pruneopts = "T"
  revision = "23def4e6c14b4da8ac2ed8007337bc5eb5007998"

[[projects]]
  digest = "1:a2ecb56e5053d942aafc86738915fb94c9131bac848c543b8b6764365fd69080"
  name = "github.com/golang/protobuf"
  packages = [
    "proto",
    "ptypes",
    "ptypes/any",
    "ptypes/duration",
    "ptypes/timestamp",
  ]
  pruneopts = "T"
  revision = "aa810b61a9c79d51363740d207bb46cf8e620ed5"
  version = "v1.2.0"

[[projects]]
  branch = "master"
  digest = "1:0bfbe13936953a98ae3cfe8ed6670d396ad81edf069a806d2f6515d7bb6950df"
  name = "github.com/google/btree"
  packages = ["."]
  pruneopts = "T"
  revision = "4030bb1f1f0c35b30ca7009e9ebd06849dd45306"

[[projects]]
  branch = "master"
  digest = "1:3ee90c0d94da31b442dde97c99635aaafec68d0b8a3c12ee2075c6bdabeec6bb"
  name = "github.com/google/gofuzz"
  packages = ["."]
  pruneopts = "T"
  revision = "24818f796faf91cd76ec7bddd72458fbced7a6c1"

[[projects]]
  digest = "1:35735e2255fa34521c2a1355fb2a3a2300bc9949f487be1c1ce8ee8efcfa2d04"
  name = "github.com/googleapis/gnostic"
  packages = [
    "OpenAPIv2",
    "compiler",
    "extensions",
  ]
  pruneopts = "T"
  revision = "7c663266750e7d82587642f65e60bc4083f1f84e"
  version = "v0.2.0"

[[projects]]
  branch = "master"
  digest = "1:4607fd19c69c3deee61840fca759fedb3908e4fcb09385e2f3783b93e0035c73"
  name = "github.com/gregjones/httpcache"
  packages = [
    ".",
    "diskcache",
  ]
  pruneopts = "T"
  revision = "9cad4c3443a7200dd6400aef47183728de563a38"

[[projects]]
  digest = "1:8ec8d88c248041a6df5f6574b87bc00e7e0b493881dad2e7ef47b11dc69093b5"
  name = "github.com/hashicorp/golang-lru"
  packages = [
    ".",
    "simplelru",
  ]
  pruneopts = "T"
  revision = "20f1fb78b0740ba8c3cb143a61e86ba5c8669768"
  version = "v0.5.0"

[[projects]]
  digest = "1:5d713dbcad44f3358fec51fd5573d4f733c02cac5a40dcb177787ad5ffe9272f"
  name = "github.com/json-iterator/go"
  packages = ["."]
  pruneopts = "T"
  revision = "1624edc4454b8682399def8740d46db5e4362ba4"
  version = "v1.1.5"

[[projects]]
  digest = "1:190ff84d9b2ed6589088f178cba8edb4b8ecb334df4572421fb016be1ac20463"
  name = "github.com/juju/ratelimit"
  packages = ["."]
  pruneopts = "T"
  revision = "59fac5042749a5afb9af70e813da1dd5474f0167"
  version = "1.0.1"

[[projects]]
  branch = "master"
  digest = "1:4be65cb3a11626a0d89fc72b34f62a8768040512d45feb086184ac30fdfbef65"
  name = "github.com/mailru/easyjson"
  packages = [
    "buffer",
    "jlexer",
    "jwriter",
  ]
  pruneopts = "T"
  revision = "60711f1a8329503b04e1c88535f419d0bb440bff"

[[projects]]
  digest = "1:33422d238f147d247752996a26574ac48dcf472976eda7f5134015f06bf16563"
  name = "github.com/modern-go/concurrent"
  packages = ["."]
  pruneopts = "T"
  revision = "bacd9c7ef1dd9b15be4a9909b8ac7a4e313eec94"
  version = "1.0.3"

[[projects]]
  digest = "1:e32bdbdb7c377a07a9a46378290059822efdce5c8d96fe71940d87cb4f918855"
  name = "github.com/modern-go/reflect2"
  packages = ["."]
  pruneopts = "T"
  revision = "4b7aa43c6742a2c18fdef89dd197aaae7dac7ccd"
  version = "1.0.1"

[[projects]]
  branch = "master"
  digest = "1:46eaf1c21b8bd109c87604eb6ea726a69f54264c1566ada2be922a335e7b43e7"
  name = "github.com/nsf/jsondiff"
  packages = ["."]
  pruneopts = "T"
  revision = "7de28ed2b6e3cdae8e402f68542b1f287740f764"

[[projects]]
  digest = "1:ee4d4af67d93cc7644157882329023ce9a7bcfce956a079069a9405521c7cc8d"
  name = "github.com/opencontainers/go-digest"
  packages = ["."]
  pruneopts = "T"
  revision = "279bed98673dd5bef374d3b6e4b09e2af76183bf"
  version = "v1.0.0-rc1"

[[projects]]
  branch = "master"
  digest = "1:0c29d499ffc3b9f33e7136444575527d0c3a9463a89b3cbeda0523b737f910b3"
  name = "github.com/petar/GoLLRB"
  packages = ["llrb"]
  pruneopts = "T"
  revision = "53be0d36a84c2a886ca057d34b6aa4468df9ccb4"

[[projects]]
  digest = "1:598241bd36d3a5f6d9102a306bd9bf78f3bc253672460d92ac70566157eae648"
  name = "github.com/peterbourgon/diskv"
  packages = ["."]
  pruneopts = "T"
  revision = "5f041e8faa004a95c88a202771f4cc3e991971e6"
  version = "v2.0.1"

[[projects]]
  digest = "1:9ba911fe3884995431690e7eb180cf848da0d637ba5f61711783b795d031793f"
  name = "github.com/spf13/pflag"
  packages = ["."]
  pruneopts = "T"
  revision = "9a97c102cda95a86cec2345a6f09f55a939babf5"
  version = "v1.0.2"

[[projects]]
  branch = "master"
  digest = "1:1b66404da6ed04f1838fdd6dcfc24a45452f383adc4d7507ab8b8fd00a52c842"
  name = "github.ibm.com/kompass/ti-keyrelease"
  packages = [
    "pkg/apis/cti",
    "pkg/apis/cti/v1",
    "pkg/client/clientset/versioned",
    "pkg/client/clientset/versioned/scheme",
    "pkg/client/clientset/versioned/typed/cti/v1",
    "pkg/client/clientset/versioned/typed/cti/v1/fake",
    "pkg/client/informers/externalversions/cti",
    "pkg/client/informers/externalversions/cti/v1",
    "pkg/client/informers/externalversions/internalinterfaces",
    "pkg/client/listers/cti/v1",
  ]
  pruneopts = "T"
  revision = "0512a674fc4c57fc58702072ece8273b7c85520a"

[[projects]]
  branch = "master"
  digest = "1:0d3b3ce2b76e0d10fc5e804e51a92c4466b05a92de06e61e96d7035deab04c41"
  name = "golang.org/x/net"
  packages = [
    "context",
    "http/httpguts",
    "http2",
    "http2/hpack",
    "idna",
  ]
  pruneopts = "T"
  revision = "2f5d2388922f370f4355f327fcf4cfe9f5583908"

[[projects]]
  digest = "1:6164911cb5e94e8d8d5131d646613ff82c14f5a8ce869de2f6d80d9889df8c5a"
  name = "golang.org/x/text"
  packages = [
    "collate",
    "collate/build",
    "internal/colltab",
    "internal/gen",
    "internal/tag",
    "internal/triegen",
    "internal/ucd",
    "language",
    "secure/bidirule",
    "transform",
    "unicode/bidi",
    "unicode/cldr",
    "unicode/norm",
    "unicode/rangetable",
    "width",
  ]
  pruneopts = "T"
  revision = "f21a4dfb5e38f5895301dc265a8def02365cc3d0"
  version = "v0.3.0"

[[projects]]
  branch = "master"
  digest = "1:cb1e49e44ee2c2e747ac5aff392dc05e20bbcf2706219c8dbb0f7f21d19ff1ae"
  name = "golang.org/x/tools"
  packages = [
    "go/ast/astutil",
    "imports",
    "internal/fastwalk",
  ]
  pruneopts = "T"
  revision = "90fa682c2a6e6a37b3a1364ce2fe1d5e41af9d6d"

[[projects]]
  digest = "1:2d1fbdc6777e5408cabeb02bf336305e724b925ff4546ded0fa8715a7267922a"
  name = "gopkg.in/inf.v0"
  packages = ["."]
  pruneopts = "T"
  revision = "d2d2541c53f18d2a059457998ce2876cc8e67cbf"
  version = "v0.9.1"

[[projects]]
  digest = "1:342378ac4dcb378a5448dd723f0784ae519383532f5e70ade24132c4c8693202"
  name = "gopkg.in/yaml.v2"
  packages = ["."]
  pruneopts = "T"
  revision = "5420a8b6744d3b0345ab293f6fcba19c978f1183"
  version = "v2.2.1"

[[projects]]
  branch = "release-1.9"
  digest = "1:26e881515e39b05bc2e8b58a31876c4e5b4ed8dee2a78f274e4469594023dda9"
  name = "k8s.io/api"
  packages = [
    "admission/v1beta1",
    "admissionregistration/v1alpha1",
    "admissionregistration/v1beta1",
    "apps/v1",
    "apps/v1beta1",
    "apps/v1beta2",
    "authentication/v1",
    "authentication/v1beta1",
    "authorization/v1",
    "authorization/v1beta1",
    "autoscaling/v1",
    "autoscaling/v2beta1",
    "batch/v1",
    "batch/v1beta1",
    "batch/v2alpha1",
    "certificates/v1beta1",
    "core/v1",
    "events/v1beta1",
    "extensions/v1beta1",
    "networking/v1",
    "policy/v1beta1",
    "rbac/v1",
    "rbac/v1alpha1",
    "rbac/v1beta1",
    "scheduling/v1alpha1",
    "settings/v1alpha1",
    "storage/v1",
    "storage/v1alpha1",
    "storage/v1beta1",
  ]
  pruneopts = "T"
  revision = "9273ee02527c608cecc74969b3e489f5dba686da"

[[projects]]
  branch = "master"
  digest = "1:48b7a45ed1868f469ce747d35c388c5573381eadf728ab4ad89cb084c92c067e"
  name = "k8s.io/apiextensions-apiserver"
  packages = ["pkg/features"]
  pruneopts = "T"
  revision = "d65f4428c04f2d28f924a47d1d2177d0cbf45a16"

[[projects]]
  branch = "release-1.9"
  digest = "1:bcfc775656baea932d10b537a2a016246145bb953264b02152b542a72f49dfbb"
  name = "k8s.io/apimachinery"
  packages = [
    "pkg/api/errors",
    "pkg/api/meta",
    "pkg/api/resource",
    "pkg/apis/meta/internalversion",
    "pkg/apis/meta/v1",
    "pkg/apis/meta/v1/unstructured",
    "pkg/apis/meta/v1alpha1",
    "pkg/conversion",
    "pkg/conversion/queryparams",
    "pkg/fields",
    "pkg/labels",
    "pkg/runtime",
    "pkg/runtime/schema",
    "pkg/runtime/serializer",
    "pkg/runtime/serializer/json",
    "pkg/runtime/serializer/protobuf",
    "pkg/runtime/serializer/recognizer",
    "pkg/runtime/serializer/streaming",
    "pkg/runtime/serializer/versioning",
    "pkg/selection",
    "pkg/types",
    "pkg/util/cache",
    "pkg/util/clock",
    "pkg/util/diff",
    "pkg/util/errors",
    "pkg/util/framer",
    "pkg/util/intstr",
    "pkg/util/json",
    "pkg/util/net",
    "pkg/util/runtime",
    "pkg/util/sets",
    "pkg/util/validation",
    "pkg/util/validation/field",
    "pkg/util/wait",
    "pkg/util/yaml",
    "pkg/version",
    "pkg/watch",
    "third_party/forked/golang/reflect",
  ]
  pruneopts = "T"
  revision = "fb40df2b502912cbe3a93aa61c2b2487f39cb42f"

[[projects]]
  branch = "master"
  digest = "1:812dd8d47932e247ed384cc7b80f0e848bc4407ba9e600c54c5e47ccaaef30de"
  name = "k8s.io/apiserver"
  packages = [
    "pkg/features",
    "pkg/util/feature",
  ]
  pruneopts = "T"
  revision = "67c89284117046b26ecd3776eed2a39289399f15"

[[projects]]
  branch = "release-6.0"
  digest = "1:29abfb2f8974311d844b9beb74f7436e8dc79a664390de1f63c10d2f44a18f6f"
  name = "k8s.io/client-go"
  packages = [
    "discovery",
    "discovery/fake",
    "kubernetes",
    "kubernetes/scheme",
    "kubernetes/typed/admissionregistration/v1alpha1",
    "kubernetes/typed/admissionregistration/v1beta1",
    "kubernetes/typed/apps/v1",
    "kubernetes/typed/apps/v1beta1",
    "kubernetes/typed/apps/v1beta2",
    "kubernetes/typed/authentication/v1",
    "kubernetes/typed/authentication/v1beta1",
    "kubernetes/typed/authorization/v1",
    "kubernetes/typed/authorization/v1beta1",
    "kubernetes/typed/autoscaling/v1",
    "kubernetes/typed/autoscaling/v2beta1",
    "kubernetes/typed/batch/v1",
    "kubernetes/typed/batch/v1beta1",
    "kubernetes/typed/batch/v2alpha1",
    "kubernetes/typed/certificates/v1beta1",
    "kubernetes/typed/core/v1",
    "kubernetes/typed/events/v1beta1",
    "kubernetes/typed/extensions/v1beta1",
    "kubernetes/typed/networking/v1",
    "kubernetes/typed/policy/v1beta1",
    "kubernetes/typed/rbac/v1",
    "kubernetes/typed/rbac/v1alpha1",
    "kubernetes/typed/rbac/v1beta1",
    "kubernetes/typed/scheduling/v1alpha1",
    "kubernetes/typed/settings/v1alpha1",
    "kubernetes/typed/storage/v1",
    "kubernetes/typed/storage/v1alpha1",
    "kubernetes/typed/storage/v1beta1",
    "pkg/version",
    "rest",
    "rest/watch",
    "testing",
    "tools/cache",
    "tools/clientcmd/api",
    "tools/metrics",
    "tools/pager",
    "tools/reference",
    "transport",
    "util/buffer",
    "util/cert",
    "util/flowcontrol",
    "util/integer",
    "util/workqueue",
  ]
  pruneopts = "T"
  revision = "115d23201cc1aa2260c19f8f6bb79d400d123dbd"

[[projects]]
  branch = "release-1.9"
  digest = "1:f4cd1e05c14fbfeec17e532389221c55b60ea42be00da424543542e1b34d1e3a"
  name = "k8s.io/code-generator"
  packages = [
    "cmd/client-gen",
    "cmd/client-gen/args",
    "cmd/client-gen/generators",
    "cmd/client-gen/generators/fake",
    "cmd/client-gen/generators/scheme",
    "cmd/client-gen/generators/util",
    "cmd/client-gen/path",
    "cmd/client-gen/types",
  ]
  pruneopts = "T"
  revision = "0ab89e584187c20cc7c1a3f30db69f3b4ab64196"

[[projects]]
  branch = "master"
  digest = "1:f58422ce44ba581f34423e12c951061d139fa3518441b0e791b1f57a6494d603"
  name = "k8s.io/gengo"
  packages = [
    "args",
    "generator",
    "namer",
    "parser",
    "types",
  ]
  pruneopts = "T"
  revision = "4242d8e6c5dba56827bb7bcf14ad11cda38f3991"

[[projects]]
  branch = "master"
  digest = "1:38bc6f751116369b8f6752fed062e36c56564cfaca0318b3a71caf3b05329d7c"
  name = "k8s.io/kube-openapi"
  packages = ["pkg/common"]
  pruneopts = "T"
  revision = "e3762e86a74c878ffed47484592986685639c2cd"

[[projects]]
  branch = "release-1.9"
  digest = "1:b96eb63497c8e51656d1e1712137ce6d7ad312898df42a6226aaaf014ccf3554"
  name = "k8s.io/kubernetes"
  packages = [
    "pkg/apis/autoscaling",
    "pkg/apis/core",
    "pkg/apis/core/v1",
    "pkg/apis/extensions",
    "pkg/apis/networking",
    "pkg/features",
    "pkg/util/parsers",
    "pkg/util/pointer",
  ]
  pruneopts = "T"
  revision = "824ebd5e02df8d855aeb60619d0bf8e88b8c85f0"

[solve-meta]
  analyzer-name = "dep"
  analyzer-version = 1
  input-imports = [
    "github.com/ghodss/yaml",
    "github.com/golang/glog",
    "github.com/nsf/jsondiff",
    "github.ibm.com/kompass/ti-keyrelease/pkg/apis/cti",
    "github.ibm.com/kompass/ti-keyrelease/pkg/apis/cti/v1",
    "github.ibm.com/kompass/ti-keyrelease/pkg/client/clientset/versioned",
    "github.ibm.com/kompass/ti-keyrelease/pkg/client/clientset/versioned/scheme",
    "github.ibm.com/kompass/ti-keyrelease/pkg/client/clientset/versioned/typed/cti/v1",
    "github.ibm.com/kompass/ti-keyrelease/pkg/client/clientset/versioned/typed/cti/v1/fake",
    "github.ibm.com/kompass/ti-keyrelease/pkg/client/informers/externalversions/cti",
    "github.ibm.com/kompass/ti-keyrelease/pkg/client/informers/externalversions/cti/v1",
    "github.ibm.com/kompass/ti-keyrelease/pkg/client/informers/externalversions/internalinterfaces",
    "github.ibm.com/kompass/ti-keyrelease/pkg/client/listers/cti/v1",
    "k8s.io/api/admission/v1beta1",
    "k8s.io/api/admissionregistration/v1beta1",
    "k8s.io/api/core/v1",
    "k8s.io/apimachinery/pkg/api/errors",
    "k8s.io/apimachinery/pkg/apis/meta/v1",
    "k8s.io/apimachinery/pkg/fields",
    "k8s.io/apimachinery/pkg/labels",
    "k8s.io/apimachinery/pkg/runtime",
    "k8s.io/apimachinery/pkg/runtime/schema",
    "k8s.io/apimachinery/pkg/runtime/serializer",
    "k8s.io/apimachinery/pkg/types",
    "k8s.io/apimachinery/pkg/util/runtime",
    "k8s.io/apimachinery/pkg/util/wait",
    "k8s.io/apimachinery/pkg/watch",
    "k8s.io/client-go/discovery",
    "k8s.io/client-go/discovery/fake",
    "k8s.io/client-go/kubernetes",
    "k8s.io/client-go/kubernetes/typed/core/v1",
    "k8s.io/client-go/rest",
    "k8s.io/client-go/testing",
    "k8s.io/client-go/tools/cache",
    "k8s.io/client-go/util/flowcontrol",
    "k8s.io/client-go/util/workqueue",
    "k8s.io/code-generator/cmd/client-gen",
    "k8s.io/kubernetes/pkg/apis/core/v1",
  ]
  solver-name = "gps-cdcl"
  solver-version = 1
